// !$*UTF8*$!
{
	archiveVersion = 1;
	classes = {
	};
	objectVersion = 50;
	objects = {

/* Begin PBXBuildFile section */
		50CD8B8E26091DE400297309 /* AppDelegate.swift in Sources */ = {isa = PBXBuildFile; fileRef = 50CD8B8D26091DE400297309 /* AppDelegate.swift */; };
		50CD8B9026091DE400297309 /* SceneDelegate.swift in Sources */ = {isa = PBXBuildFile; fileRef = 50CD8B8F26091DE400297309 /* SceneDelegate.swift */; };
		50CD8B9226091DE400297309 /* ViewController.swift in Sources */ = {isa = PBXBuildFile; fileRef = 50CD8B9126091DE400297309 /* ViewController.swift */; };
		50CD8B9526091DE400297309 /* Main.storyboard in Resources */ = {isa = PBXBuildFile; fileRef = 50CD8B9326091DE400297309 /* Main.storyboard */; };
		50CD8B9726091DE600297309 /* Assets.xcassets in Resources */ = {isa = PBXBuildFile; fileRef = 50CD8B9626091DE600297309 /* Assets.xcassets */; };
		50CD8B9A26091DE600297309 /* LaunchScreen.storyboard in Resources */ = {isa = PBXBuildFile; fileRef = 50CD8B9826091DE600297309 /* LaunchScreen.storyboard */; };
		50CD8BA526091DE700297309 /* BruhMomentTests.swift in Sources */ = {isa = PBXBuildFile; fileRef = 50CD8BA426091DE700297309 /* BruhMomentTests.swift */; };
		50CD8BB026091DE700297309 /* BruhMomentUITests.swift in Sources */ = {isa = PBXBuildFile; fileRef = 50CD8BAF26091DE700297309 /* BruhMomentUITests.swift */; };
/* End PBXBuildFile section */

/* Begin PBXContainerItemProxy section */
		50CD8BA126091DE700297309 /* PBXContainerItemProxy */ = {
			isa = PBXContainerItemProxy;
			containerPortal = 50CD8B8226091DE400297309 /* Project object */;
			proxyType = 1;
			remoteGlobalIDString = 50CD8B8926091DE400297309;
			remoteInfo = BruhMoment;
		};
		50CD8BAC26091DE700297309 /* PBXContainerItemProxy */ = {
			isa = PBXContainerItemProxy;
			containerPortal = 50CD8B8226091DE400297309 /* Project object */;
			proxyType = 1;
			remoteGlobalIDString = 50CD8B8926091DE400297309;
			remoteInfo = BruhMoment;
		};
/* End PBXContainerItemProxy section */

/* Begin PBXFileReference section */
		50CD8B8A26091DE400297309 /* BruhMoment.app */ = {isa = PBXFileReference; explicitFileType = wrapper.application; includeInIndex = 0; path = BruhMoment.app; sourceTree = BUILT_PRODUCTS_DIR; };
		50CD8B8D26091DE400297309 /* AppDelegate.swift */ = {isa = PBXFileReference; lastKnownFileType = sourcecode.swift; path = AppDelegate.swift; sourceTree = "<group>"; };
		50CD8B8F26091DE400297309 /* SceneDelegate.swift */ = {isa = PBXFileReference; lastKnownFileType = sourcecode.swift; path = SceneDelegate.swift; sourceTree = "<group>"; };
		50CD8B9126091DE400297309 /* ViewController.swift */ = {isa = PBXFileReference; lastKnownFileType = sourcecode.swift; path = ViewController.swift; sourceTree = "<group>"; };
		50CD8B9426091DE400297309 /* Base */ = {isa = PBXFileReference; lastKnownFileType = file.storyboard; name = Base; path = Base.lproj/Main.storyboard; sourceTree = "<group>"; };
		50CD8B9626091DE600297309 /* Assets.xcassets */ = {isa = PBXFileReference; lastKnownFileType = folder.assetcatalog; path = Assets.xcassets; sourceTree = "<group>"; };
		50CD8B9926091DE600297309 /* Base */ = {isa = PBXFileReference; lastKnownFileType = file.storyboard; name = Base; path = Base.lproj/LaunchScreen.storyboard; sourceTree = "<group>"; };
		50CD8B9B26091DE600297309 /* Info.plist */ = {isa = PBXFileReference; lastKnownFileType = text.plist.xml; path = Info.plist; sourceTree = "<group>"; };
		50CD8BA026091DE700297309 /* BruhMomentTests.xctest */ = {isa = PBXFileReference; explicitFileType = wrapper.cfbundle; includeInIndex = 0; path = BruhMomentTests.xctest; sourceTree = BUILT_PRODUCTS_DIR; };
		50CD8BA426091DE700297309 /* BruhMomentTests.swift */ = {isa = PBXFileReference; lastKnownFileType = sourcecode.swift; path = BruhMomentTests.swift; sourceTree = "<group>"; };
		50CD8BA626091DE700297309 /* Info.plist */ = {isa = PBXFileReference; lastKnownFileType = text.plist.xml; path = Info.plist; sourceTree = "<group>"; };
		50CD8BAB26091DE700297309 /* BruhMomentUITests.xctest */ = {isa = PBXFileReference; explicitFileType = wrapper.cfbundle; includeInIndex = 0; path = BruhMomentUITests.xctest; sourceTree = BUILT_PRODUCTS_DIR; };
		50CD8BAF26091DE700297309 /* BruhMomentUITests.swift */ = {isa = PBXFileReference; lastKnownFileType = sourcecode.swift; path = BruhMomentUITests.swift; sourceTree = "<group>"; };
		50CD8BB126091DE700297309 /* Info.plist */ = {isa = PBXFileReference; lastKnownFileType = text.plist.xml; path = Info.plist; sourceTree = "<group>"; };
/* End PBXFileReference section */

/* Begin PBXFrameworksBuildPhase section */
		50CD8B8726091DE400297309 /* Frameworks */ = {
			isa = PBXFrameworksBuildPhase;
			buildActionMask = 2147483647;
			files = (
			);
			runOnlyForDeploymentPostprocessing = 0;
		};
		50CD8B9D26091DE700297309 /* Frameworks */ = {
			isa = PBXFrameworksBuildPhase;
			buildActionMask = 2147483647;
			files = (
			);
			runOnlyForDeploymentPostprocessing = 0;
		};
		50CD8BA826091DE700297309 /* Frameworks */ = {
			isa = PBXFrameworksBuildPhase;
			buildActionMask = 2147483647;
			files = (
			);
			runOnlyForDeploymentPostprocessing = 0;
		};
/* End PBXFrameworksBuildPhase section */

/* Begin PBXGroup section */
		50CD8B8126091DE400297309 = {
			isa = PBXGroup;
			children = (
				50CD8B8C26091DE400297309 /* BruhMoment */,
				50CD8BA326091DE700297309 /* BruhMomentTests */,
				50CD8BAE26091DE700297309 /* BruhMomentUITests */,
				50CD8B8B26091DE400297309 /* Products */,
			);
			sourceTree = "<group>";
		};
		50CD8B8B26091DE400297309 /* Products */ = {
			isa = PBXGroup;
			children = (
				50CD8B8A26091DE400297309 /* BruhMoment.app */,
				50CD8BA026091DE700297309 /* BruhMomentTests.xctest */,
				50CD8BAB26091DE700297309 /* BruhMomentUITests.xctest */,
			);
			name = Products;
			sourceTree = "<group>";
		};
		50CD8B8C26091DE400297309 /* BruhMoment */ = {
			isa = PBXGroup;
			children = (
				50CD8B8D26091DE400297309 /* AppDelegate.swift */,
				50CD8B8F26091DE400297309 /* SceneDelegate.swift */,
				50CD8B9126091DE400297309 /* ViewController.swift */,
				50CD8B9326091DE400297309 /* Main.storyboard */,
				50CD8B9626091DE600297309 /* Assets.xcassets */,
				50CD8B9826091DE600297309 /* LaunchScreen.storyboard */,
				50CD8B9B26091DE600297309 /* Info.plist */,
			);
			path = BruhMoment;
			sourceTree = "<group>";
		};
		50CD8BA326091DE700297309 /* BruhMomentTests */ = {
			isa = PBXGroup;
			children = (
				50CD8BA426091DE700297309 /* BruhMomentTests.swift */,
				50CD8BA626091DE700297309 /* Info.plist */,
			);
			path = BruhMomentTests;
			sourceTree = "<group>";
		};
		50CD8BAE26091DE700297309 /* BruhMomentUITests */ = {
			isa = PBXGroup;
			children = (
				50CD8BAF26091DE700297309 /* BruhMomentUITests.swift */,
				50CD8BB126091DE700297309 /* Info.plist */,
			);
			path = BruhMomentUITests;
			sourceTree = "<group>";
		};
/* End PBXGroup section */

/* Begin PBXNativeTarget section */
		50CD8B8926091DE400297309 /* BruhMoment */ = {
			isa = PBXNativeTarget;
			buildConfigurationList = 50CD8BB426091DE700297309 /* Build configuration list for PBXNativeTarget "BruhMoment" */;
			buildPhases = (
				50CD8B8626091DE400297309 /* Sources */,
				50CD8B8726091DE400297309 /* Frameworks */,
				50CD8B8826091DE400297309 /* Resources */,
			);
			buildRules = (
			);
			dependencies = (
			);
			name = BruhMoment;
			productName = BruhMoment;
			productReference = 50CD8B8A26091DE400297309 /* BruhMoment.app */;
			productType = "com.apple.product-type.application";
		};
		50CD8B9F26091DE700297309 /* BruhMomentTests */ = {
			isa = PBXNativeTarget;
			buildConfigurationList = 50CD8BB726091DE700297309 /* Build configuration list for PBXNativeTarget "BruhMomentTests" */;
			buildPhases = (
				50CD8B9C26091DE700297309 /* Sources */,
				50CD8B9D26091DE700297309 /* Frameworks */,
				50CD8B9E26091DE700297309 /* Resources */,
			);
			buildRules = (
			);
			dependencies = (
				50CD8BA226091DE700297309 /* PBXTargetDependency */,
			);
			name = BruhMomentTests;
			productName = BruhMomentTests;
			productReference = 50CD8BA026091DE700297309 /* BruhMomentTests.xctest */;
			productType = "com.apple.product-type.bundle.unit-test";
		};
		50CD8BAA26091DE700297309 /* BruhMomentUITests */ = {
			isa = PBXNativeTarget;
			buildConfigurationList = 50CD8BBA26091DE700297309 /* Build configuration list for PBXNativeTarget "BruhMomentUITests" */;
			buildPhases = (
				50CD8BA726091DE700297309 /* Sources */,
				50CD8BA826091DE700297309 /* Frameworks */,
				50CD8BA926091DE700297309 /* Resources */,
			);
			buildRules = (
			);
			dependencies = (
				50CD8BAD26091DE700297309 /* PBXTargetDependency */,
			);
			name = BruhMomentUITests;
			productName = BruhMomentUITests;
			productReference = 50CD8BAB26091DE700297309 /* BruhMomentUITests.xctest */;
			productType = "com.apple.product-type.bundle.ui-testing";
		};
/* End PBXNativeTarget section */

/* Begin PBXProject section */
		50CD8B8226091DE400297309 /* Project object */ = {
			isa = PBXProject;
			attributes = {
				LastSwiftUpdateCheck = 1210;
				LastUpgradeCheck = 1210;
				TargetAttributes = {
					50CD8B8926091DE400297309 = {
						CreatedOnToolsVersion = 12.1;
					};
					50CD8B9F26091DE700297309 = {
						CreatedOnToolsVersion = 12.1;
						TestTargetID = 50CD8B8926091DE400297309;
					};
					50CD8BAA26091DE700297309 = {
						CreatedOnToolsVersion = 12.1;
						TestTargetID = 50CD8B8926091DE400297309;
					};
				};
			};
			buildConfigurationList = 50CD8B8526091DE400297309 /* Build configuration list for PBXProject "BruhMoment" */;
			compatibilityVersion = "Xcode 9.3";
			developmentRegion = en;
			hasScannedForEncodings = 0;
			knownRegions = (
				en,
				Base,
			);
			mainGroup = 50CD8B8126091DE400297309;
			productRefGroup = 50CD8B8B26091DE400297309 /* Products */;
			projectDirPath = "";
			projectRoot = "";
			targets = (
				50CD8B8926091DE400297309 /* BruhMoment */,
				50CD8B9F26091DE700297309 /* BruhMomentTests */,
				50CD8BAA26091DE700297309 /* BruhMomentUITests */,
			);
		};
/* End PBXProject section */

/* Begin PBXResourcesBuildPhase section */
		50CD8B8826091DE400297309 /* Resources */ = {
			isa = PBXResourcesBuildPhase;
			buildActionMask = 2147483647;
			files = (
				50CD8B9A26091DE600297309 /* LaunchScreen.storyboard in Resources */,
				50CD8B9726091DE600297309 /* Assets.xcassets in Resources */,
				50CD8B9526091DE400297309 /* Main.storyboard in Resources */,
			);
			runOnlyForDeploymentPostprocessing = 0;
		};
		50CD8B9E26091DE700297309 /* Resources */ = {
			isa = PBXResourcesBuildPhase;
			buildActionMask = 2147483647;
			files = (
			);
			runOnlyForDeploymentPostprocessing = 0;
		};
		50CD8BA926091DE700297309 /* Resources */ = {
			isa = PBXResourcesBuildPhase;
			buildActionMask = 2147483647;
			files = (
			);
			runOnlyForDeploymentPostprocessing = 0;
		};
/* End PBXResourcesBuildPhase section */

/* Begin PBXSourcesBuildPhase section */
		50CD8B8626091DE400297309 /* Sources */ = {
			isa = PBXSourcesBuildPhase;
			buildActionMask = 2147483647;
			files = (
				50CD8B9226091DE400297309 /* ViewController.swift in Sources */,
				50CD8B8E26091DE400297309 /* AppDelegate.swift in Sources */,
				50CD8B9026091DE400297309 /* SceneDelegate.swift in Sources */,
			);
			runOnlyForDeploymentPostprocessing = 0;
		};
		50CD8B9C26091DE700297309 /* Sources */ = {
			isa = PBXSourcesBuildPhase;
			buildActionMask = 2147483647;
			files = (
				50CD8BA526091DE700297309 /* BruhMomentTests.swift in Sources */,
			);
			runOnlyForDeploymentPostprocessing = 0;
		};
		50CD8BA726091DE700297309 /* Sources */ = {
			isa = PBXSourcesBuildPhase;
			buildActionMask = 2147483647;
			files = (
				50CD8BB026091DE700297309 /* BruhMomentUITests.swift in Sources */,
			);
			runOnlyForDeploymentPostprocessing = 0;
		};
/* End PBXSourcesBuildPhase section */

/* Begin PBXTargetDependency section */
		50CD8BA226091DE700297309 /* PBXTargetDependency */ = {
			isa = PBXTargetDependency;
			target = 50CD8B8926091DE400297309 /* BruhMoment */;
			targetProxy = 50CD8BA126091DE700297309 /* PBXContainerItemProxy */;
		};
		50CD8BAD26091DE700297309 /* PBXTargetDependency */ = {
			isa = PBXTargetDependency;
			target = 50CD8B8926091DE400297309 /* BruhMoment */;
			targetProxy = 50CD8BAC26091DE700297309 /* PBXContainerItemProxy */;
		};
/* End PBXTargetDependency section */

/* Begin PBXVariantGroup section */
		50CD8B9326091DE400297309 /* Main.storyboard */ = {
			isa = PBXVariantGroup;
			children = (
				50CD8B9426091DE400297309 /* Base */,
			);
			name = Main.storyboard;
			sourceTree = "<group>";
		};
		50CD8B9826091DE600297309 /* LaunchScreen.storyboard */ = {
			isa = PBXVariantGroup;
			children = (
				50CD8B9926091DE600297309 /* Base */,
			);
			name = LaunchScreen.storyboard;
			sourceTree = "<group>";
		};
/* End PBXVariantGroup section */

/* Begin XCBuildConfiguration section */
		50CD8BB226091DE700297309 /* Debug */ = {
			isa = XCBuildConfiguration;
			buildSettings = {
				ALWAYS_SEARCH_USER_PATHS = NO;
				CLANG_ANALYZER_NONNULL = YES;
				CLANG_ANALYZER_NUMBER_OBJECT_CONVERSION = YES_AGGRESSIVE;
				CLANG_CXX_LANGUAGE_STANDARD = "gnu++14";
				CLANG_CXX_LIBRARY = "libc++";
				CLANG_ENABLE_MODULES = YES;
				CLANG_ENABLE_OBJC_ARC = YES;
				CLANG_ENABLE_OBJC_WEAK = YES;
				CLANG_WARN_BLOCK_CAPTURE_AUTORELEASING = YES;
				CLANG_WARN_BOOL_CONVERSION = YES;
				CLANG_WARN_COMMA = YES;
				CLANG_WARN_CONSTANT_CONVERSION = YES;
				CLANG_WARN_DEPRECATED_OBJC_IMPLEMENTATIONS = YES;
				CLANG_WARN_DIRECT_OBJC_ISA_USAGE = YES_ERROR;
				CLANG_WARN_DOCUMENTATION_COMMENTS = YES;
				CLANG_WARN_EMPTY_BODY = YES;
				CLANG_WARN_ENUM_CONVERSION = YES;
				CLANG_WARN_INFINITE_RECURSION = YES;
				CLANG_WARN_INT_CONVERSION = YES;
				CLANG_WARN_NON_LITERAL_NULL_CONVERSION = YES;
				CLANG_WARN_OBJC_IMPLICIT_RETAIN_SELF = YES;
				CLANG_WARN_OBJC_LITERAL_CONVERSION = YES;
				CLANG_WARN_OBJC_ROOT_CLASS = YES_ERROR;
				CLANG_WARN_QUOTED_INCLUDE_IN_FRAMEWORK_HEADER = YES;
				CLANG_WARN_RANGE_LOOP_ANALYSIS = YES;
				CLANG_WARN_STRICT_PROTOTYPES = YES;
				CLANG_WARN_SUSPICIOUS_MOVE = YES;
				CLANG_WARN_UNGUARDED_AVAILABILITY = YES_AGGRESSIVE;
				CLANG_WARN_UNREACHABLE_CODE = YES;
				CLANG_WARN__DUPLICATE_METHOD_MATCH = YES;
				COPY_PHASE_STRIP = NO;
				DEBUG_INFORMATION_FORMAT = dwarf;
				ENABLE_STRICT_OBJC_MSGSEND = YES;
				ENABLE_TESTABILITY = YES;
				GCC_C_LANGUAGE_STANDARD = gnu11;
				GCC_DYNAMIC_NO_PIC = NO;
				GCC_NO_COMMON_BLOCKS = YES;
				GCC_OPTIMIZATION_LEVEL = 0;
				GCC_PREPROCESSOR_DEFINITIONS = (
					"DEBUG=1",
					"$(inherited)",
				);
				GCC_WARN_64_TO_32_BIT_CONVERSION = YES;
				GCC_WARN_ABOUT_RETURN_TYPE = YES_ERROR;
				GCC_WARN_UNDECLARED_SELECTOR = YES;
				GCC_WARN_UNINITIALIZED_AUTOS = YES_AGGRESSIVE;
				GCC_WARN_UNUSED_FUNCTION = YES;
				GCC_WARN_UNUSED_VARIABLE = YES;
				IPHONEOS_DEPLOYMENT_TARGET = 14.1;
				MTL_ENABLE_DEBUG_INFO = INCLUDE_SOURCE;
				MTL_FAST_MATH = YES;
				ONLY_ACTIVE_ARCH = YES;
				SDKROOT = iphoneos;
				SWIFT_ACTIVE_COMPILATION_CONDITIONS = DEBUG;
				SWIFT_OPTIMIZATION_LEVEL = "-Onone";
			};
			name = Debug;
		};
		50CD8BB326091DE700297309 /* Release */ = {
			isa = XCBuildConfiguration;
			buildSettings = {
				ALWAYS_SEARCH_USER_PATHS = NO;
				CLANG_ANALYZER_NONNULL = YES;
				CLANG_ANALYZER_NUMBER_OBJECT_CONVERSION = YES_AGGRESSIVE;
				CLANG_CXX_LANGUAGE_STANDARD = "gnu++14";
				CLANG_CXX_LIBRARY = "libc++";
				CLANG_ENABLE_MODULES = YES;
				CLANG_ENABLE_OBJC_ARC = YES;
				CLANG_ENABLE_OBJC_WEAK = YES;
				CLANG_WARN_BLOCK_CAPTURE_AUTORELEASING = YES;
				CLANG_WARN_BOOL_CONVERSION = YES;
				CLANG_WARN_COMMA = YES;
				CLANG_WARN_CONSTANT_CONVERSION = YES;
				CLANG_WARN_DEPRECATED_OBJC_IMPLEMENTATIONS = YES;
				CLANG_WARN_DIRECT_OBJC_ISA_USAGE = YES_ERROR;
				CLANG_WARN_DOCUMENTATION_COMMENTS = YES;
				CLANG_WARN_EMPTY_BODY = YES;
				CLANG_WARN_ENUM_CONVERSION = YES;
				CLANG_WARN_INFINITE_RECURSION = YES;
				CLANG_WARN_INT_CONVERSION = YES;
				CLANG_WARN_NON_LITERAL_NULL_CONVERSION = YES;
				CLANG_WARN_OBJC_IMPLICIT_RETAIN_SELF = YES;
				CLANG_WARN_OBJC_LITERAL_CONVERSION = YES;
				CLANG_WARN_OBJC_ROOT_CLASS = YES_ERROR;
				CLANG_WARN_QUOTED_INCLUDE_IN_FRAMEWORK_HEADER = YES;
				CLANG_WARN_RANGE_LOOP_ANALYSIS = YES;
				CLANG_WARN_STRICT_PROTOTYPES = YES;
				CLANG_WARN_SUSPICIOUS_MOVE = YES;
				CLANG_WARN_UNGUARDED_AVAILABILITY = YES_AGGRESSIVE;
				CLANG_WARN_UNREACHABLE_CODE = YES;
				CLANG_WARN__DUPLICATE_METHOD_MATCH = YES;
				COPY_PHASE_STRIP = NO;
				DEBUG_INFORMATION_FORMAT = "dwarf-with-dsym";
				ENABLE_NS_ASSERTIONS = NO;
				ENABLE_STRICT_OBJC_MSGSEND = YES;
				GCC_C_LANGUAGE_STANDARD = gnu11;
				GCC_NO_COMMON_BLOCKS = YES;
				GCC_WARN_64_TO_32_BIT_CONVERSION = YES;
				GCC_WARN_ABOUT_RETURN_TYPE = YES_ERROR;
				GCC_WARN_UNDECLARED_SELECTOR = YES;
				GCC_WARN_UNINITIALIZED_AUTOS = YES_AGGRESSIVE;
				GCC_WARN_UNUSED_FUNCTION = YES;
				GCC_WARN_UNUSED_VARIABLE = YES;
				IPHONEOS_DEPLOYMENT_TARGET = 14.1;
				MTL_ENABLE_DEBUG_INFO = NO;
				MTL_FAST_MATH = YES;
				SDKROOT = iphoneos;
				SWIFT_COMPILATION_MODE = wholemodule;
				SWIFT_OPTIMIZATION_LEVEL = "-O";
				VALIDATE_PRODUCT = YES;
			};
			name = Release;
		};
		50CD8BB526091DE700297309 /* Debug */ = {
			isa = XCBuildConfiguration;
			buildSettings = {
				ASSETCATALOG_COMPILER_APPICON_NAME = AppIcon;
				ASSETCATALOG_COMPILER_GLOBAL_ACCENT_COLOR_NAME = AccentColor;
				CODE_SIGN_STYLE = Automatic;
				DEVELOPMENT_TEAM = ZB4KSJ536C;
				INFOPLIST_FILE = BruhMoment/Info.plist;
				LD_RUNPATH_SEARCH_PATHS = (
					"$(inherited)",
					"@executable_path/Frameworks",
				);
				PRODUCT_BUNDLE_IDENTIFIER = MobileApps.BruhMoment;
				PRODUCT_NAME = "$(TARGET_NAME)";
				SWIFT_VERSION = 5.0;
				TARGETED_DEVICE_FAMILY = "1,2";
			};
			name = Debug;
		};
		50CD8BB626091DE700297309 /* Release */ = {
			isa = XCBuildConfiguration;
			buildSettings = {
				ASSETCATALOG_COMPILER_APPICON_NAME = AppIcon;
				ASSETCATALOG_COMPILER_GLOBAL_ACCENT_COLOR_NAME = AccentColor;
				CODE_SIGN_STYLE = Automatic;
				DEVELOPMENT_TEAM = ZB4KSJ536C;
				INFOPLIST_FILE = BruhMoment/Info.plist;
				LD_RUNPATH_SEARCH_PATHS = (
					"$(inherited)",
					"@executable_path/Frameworks",
				);
				PRODUCT_BUNDLE_IDENTIFIER = MobileApps.BruhMoment;
				PRODUCT_NAME = "$(TARGET_NAME)";
				SWIFT_VERSION = 5.0;
				TARGETED_DEVICE_FAMILY = "1,2";
			};
			name = Release;
		};
		50CD8BB826091DE700297309 /* Debug */ = {
			isa = XCBuildConfiguration;
			buildSettings = {
				ALWAYS_EMBED_SWIFT_STANDARD_LIBRARIES = YES;
				BUNDLE_LOADER = "$(TEST_HOST)";
				CODE_SIGN_STYLE = Automatic;
				DEVELOPMENT_TEAM = ZB4KSJ536C;
				INFOPLIST_FILE = BruhMomentTests/Info.plist;
				IPHONEOS_DEPLOYMENT_TARGET = 14.1;
				LD_RUNPATH_SEARCH_PATHS = (
					"$(inherited)",
					"@executable_path/Frameworks",
					"@loader_path/Frameworks",
				);
				PRODUCT_BUNDLE_IDENTIFIER = MobileApps.BruhMomentTests;
				PRODUCT_NAME = "$(TARGET_NAME)";
				SWIFT_VERSION = 5.0;
				TARGETED_DEVICE_FAMILY = "1,2";
				TEST_HOST = "$(BUILT_PRODUCTS_DIR)/BruhMoment.app/BruhMoment";
			};
			name = Debug;
		};
		50CD8BB926091DE700297309 /* Release */ = {
			isa = XCBuildConfiguration;
			buildSettings = {
				ALWAYS_EMBED_SWIFT_STANDARD_LIBRARIES = YES;
				BUNDLE_LOADER = "$(TEST_HOST)";
				CODE_SIGN_STYLE = Automatic;
				DEVELOPMENT_TEAM = ZB4KSJ536C;
				INFOPLIST_FILE = BruhMomentTests/Info.plist;
				IPHONEOS_DEPLOYMENT_TARGET = 14.1;
				LD_RUNPATH_SEARCH_PATHS = (
					"$(inherited)",
					"@executable_path/Frameworks",
					"@loader_path/Frameworks",
				);
				PRODUCT_BUNDLE_IDENTIFIER = MobileApps.BruhMomentTests;
				PRODUCT_NAME = "$(TARGET_NAME)";
				SWIFT_VERSION = 5.0;
				TARGETED_DEVICE_FAMILY = "1,2";
				TEST_HOST = "$(BUILT_PRODUCTS_DIR)/BruhMoment.app/BruhMoment";
			};
			name = Release;
		};
		50CD8BBB26091DE700297309 /* Debug */ = {
			isa = XCBuildConfiguration;
			buildSettings = {
				ALWAYS_EMBED_SWIFT_STANDARD_LIBRARIES = YES;
				CODE_SIGN_STYLE = Automatic;
				DEVELOPMENT_TEAM = ZB4KSJ536C;
				INFOPLIST_FILE = BruhMomentUITests/Info.plist;
				LD_RUNPATH_SEARCH_PATHS = (
					"$(inherited)",
					"@executable_path/Frameworks",
					"@loader_path/Frameworks",
				);
				PRODUCT_BUNDLE_IDENTIFIER = MobileApps.BruhMomentUITests;
				PRODUCT_NAME = "$(TARGET_NAME)";
				SWIFT_VERSION = 5.0;
				TARGETED_DEVICE_FAMILY = "1,2";
				TEST_TARGET_NAME = BruhMoment;
			};
			name = Debug;
		};
		50CD8BBC26091DE700297309 /* Release */ = {
			isa = XCBuildConfiguration;
			buildSettings = {
				ALWAYS_EMBED_SWIFT_STANDARD_LIBRARIES = YES;
				CODE_SIGN_STYLE = Automatic;
				DEVELOPMENT_TEAM = ZB4KSJ536C;
				INFOPLIST_FILE = BruhMomentUITests/Info.plist;
				LD_RUNPATH_SEARCH_PATHS = (
					"$(inherited)",
					"@executable_path/Frameworks",
					"@loader_path/Frameworks",
				);
				PRODUCT_BUNDLE_IDENTIFIER = MobileApps.BruhMomentUITests;
				PRODUCT_NAME = "$(TARGET_NAME)";
				SWIFT_VERSION = 5.0;
				TARGETED_DEVICE_FAMILY = "1,2";
				TEST_TARGET_NAME = BruhMoment;
			};
			name = Release;
		};
/* End XCBuildConfiguration section */

/* Begin XCConfigurationList section */
		50CD8B8526091DE400297309 /* Build configuration list for PBXProject "BruhMoment" */ = {
			isa = XCConfigurationList;
			buildConfigurations = (
				50CD8BB226091DE700297309 /* Debug */,
				50CD8BB326091DE700297309 /* Release */,
			);
			defaultConfigurationIsVisible = 0;
			defaultConfigurationName = Release;
		};
		50CD8BB426091DE700297309 /* Build configuration list for PBXNativeTarget "BruhMoment" */ = {
			isa = XCConfigurationList;
			buildConfigurations = (
				50CD8BB526091DE700297309 /* Debug */,
				50CD8BB626091DE700297309 /* Release */,
			);
			defaultConfigurationIsVisible = 0;
			defaultConfigurationName = Release;
		};
		50CD8BB726091DE700297309 /* Build configuration list for PBXNativeTarget "BruhMomentTests" */ = {
			isa = XCConfigurationList;
			buildConfigurations = (
				50CD8BB826091DE700297309 /* Debug */,
				50CD8BB926091DE700297309 /* Release */,
			);
			defaultConfigurationIsVisible = 0;
			defaultConfigurationName = Release;
		};
		50CD8BBA26091DE700297309 /* Build configuration list for PBXNativeTarget "BruhMomentUITests" */ = {
			isa = XCConfigurationList;
			buildConfigurations = (
				50CD8BBB26091DE700297309 /* Debug */,
				50CD8BBC26091DE700297309 /* Release */,
			);
			defaultConfigurationIsVisible = 0;
			defaultConfigurationName = Release;
		};
/* End XCConfigurationList section */
	};
	rootObject = 50CD8B8226091DE400297309 /* Project object */;
}
